
Microsoft Visual Studio Solution File, Format Version 12.00
# Visual Studio Version 17
VisualStudioVersion = 17.4.33213.308
MinimumVisualStudioVersion = 10.0.40219.1
Project("{FAE04EC0-301F-11D3-BF4B-00C04F79EFBC}") = "ArrayPractice", "ArrayPractice\ArrayPractice.csproj", "{FCDCE649-BF2B-46BF-A6AD-72F962889282}"
EndProject
Global
	GlobalSection(SolutionConfigurationPlatforms) = preSolution
		Debug|Any CPU = Debug|Any CPU
		Release|Any CPU = Release|Any CPU
	EndGlobalSection
	GlobalSection(ProjectConfigurationPlatforms) = postSolution
		{FCDCE649-BF2B-46BF-A6AD-72F962889282}.Debug|Any CPU.ActiveCfg = Debug|Any CPU
		{FCDCE649-BF2B-46BF-A6AD-72F962889282}.Debug|Any CPU.Build.0 = Debug|Any CPU
		{FCDCE649-BF2B-46BF-A6AD-72F962889282}.Release|Any CPU.ActiveCfg = Release|Any CPU
		{FCDCE649-BF2B-46BF-A6AD-72F962889282}.Release|Any CPU.Build.0 = Release|Any CPU
	EndGlobalSection
	GlobalSection(SolutionProperties) = preSolution
		HideSolutionNode = FALSE
	EndGlobalSection
	GlobalSection(ExtensibilityGlobals) = postSolution
		SolutionGuid = {AF9781A4-FD45-4199-99B6-90A2604EB30C}
	EndGlobalSection
EndGlobal
